{
  "name": "webapp",
  "version": "0.0.0",
  "lockfileVersion": 1,
  "requires": true,
  "dependencies": {
    "@angular-mdl/core": {
      "version": "4.0.6",
      "resolved": "https://registry.npmjs.org/@angular-mdl/core/-/core-4.0.6.tgz",
      "integrity": "sha1-hDOMD3Gm2W8c3WObD122IrbRV68="
    },
    "@angular/cli": {
      "version": "1.0.0",
      "resolved": "https://registry.npmjs.org/@angular/cli/-/cli-1.0.0.tgz",
      "integrity": "sha1-e/3h58Xyi/W+1N2hNS7mfuiHMC8=",
      "dev": true,
      "dependencies": {
        "zone.js": {
          "version": "0.7.8",
          "resolved": "https://registry.npmjs.org/zone.js/-/zone.js-0.7.8.tgz",
          "integrity": "sha1-Tz/og01EWX8mOQU6D6Q43zT//e0="
        }
      }
    },
    "@angular/common": {
      "version": "4.1.3",
      "resolved": "https://registry.npmjs.org/@angular/common/-/common-4.1.3.tgz",
      "integrity": "sha1-58R5HjITHPdMI5QowqZ9qrLu8Bc="
    },
    "@angular/compiler": {
      "version": "4.1.3",
      "resolved": "https://registry.npmjs.org/@angular/compiler/-/compiler-4.1.3.tgz",
      "integrity": "sha1-0t0whTsM9KVHWLSjFGMsIx+clMM="
    },
    "@angular/compiler-cli": {
      "version": "4.1.3",
      "resolved": "https://registry.npmjs.org/@angular/compiler-cli/-/compiler-cli-4.1.3.tgz",
      "integrity": "sha1-wjYv/fZXVkcUgfg5+rZ1vKwhP5Y=",
      "dev": true,
      "dependencies": {
        "minimist": {
          "version": "1.2.0",
          "resolved": "https://registry.npmjs.org/minimist/-/minimist-1.2.0.tgz",
          "integrity": "sha1-o1AIsg9BOD7sH7kU9M1d95omQoQ="
        }
      }
    },
    "@angular/core": {
      "version": "10.2.5",
      "resolved": "https://registry.npmjs.org/@angular/core/-/core-10.2.5.tgz",
      "integrity": "sha512-krhOKNTj5XE92Rk9ASX5KmgTF72j7qT2PLVxrGEVjuUKjBY2XaK3TV0Kotq9zI3qa9WgeCrP/Njn6jlKQCCAEQ==",
      "requires": {
        "tslib": "^2.0.0"
      }
    },
    "@angular/forms": {
      "version": "4.1.3",
      "resolved": "https://registry.npmjs.org/@angular/forms/-/forms-4.1.3.tgz",
      "integrity": "sha1-OAq0w6+ExdHXSMKn0EFRx9yOSYI="
    },
    "@angular/http": {
      "version": "4.1.3",
      "resolved": "https://registry.npmjs.org/@angular/http/-/http-4.1.3.tgz",
      "integrity": "sha1-650cMCoBcoFfmlczENm+C964Ra4="
    },
    "@angular/platform-browser": {
      "version": "4.1.3",
      "resolved": "https://registry.npmjs.org/@angular/platform-browser/-/platform-browser-4.1.3.tgz",
      "integrity": "sha1-T6HbURndF4sxXdrlsym+4akypb0="
    },
    "@angular/platform-browser-dynamic": {
      "version": "4.1.3",
      "resolved": "https://registry.npmjs.org/@angular/platform-browser-dynamic/-/platform-browser-dynamic-4.1.3.tgz",
      "integrity": "sha1-PBP9z1kdSH9u/cHUaRPygMbYwuw="
    },
    "@angular/router": {
      "version": "4.1.3",
      "resolved": "https://registry.npmjs.org/@angular/router/-/router-4.1.3.tgz",
      "integrity": "sha1-3a/UaufMyLH3SQT/tF85TkRiUhY="
    },
    "@types/jasmine": {
      "version": "2.5.38",
      "resolved": "https://registry.npmjs.org/@types/jasmine/-/jasmine-2.5.38.tgz",
      "integrity": "sha1-pDeRJMSSHU4h3lTsdGacnps1Zxc=",
      "dev": true
    },
    "@types/node": {
      "version": "6.0.77",
      "resolved": "https://registry.npmjs.org/@types/node/-/node-6.0.77.tgz",
      "integrity": "sha512-VgifFhOC+P5Zv2CgD1ZanuoL/rNqHZ7ubQUXpaVvRCynSiqX+wvLf6e1qR3+CpmDbfhcRM917bXYmhDEiIl+XA==",
      "dev": true
    },
    "codelyzer": {
      "version": "2.0.1",
      "resolved": "https://registry.npmjs.org/codelyzer/-/codelyzer-2.0.1.tgz",
      "integrity": "sha1-0PcSH2eoQkyS0h07MfNkC4Pe+e0=",
      "dev": true
    },
    "core-js": {
      "version": "2.4.1",
      "resolved": "https://registry.npmjs.org/core-js/-/core-js-2.4.1.tgz",
      "integrity": "sha1-TekR5mew6ukSTjQlS1OupvxhjT4="
    },
    "jasmine-core": {
      "version": "2.5.2",
      "resolved": "https://registry.npmjs.org/jasmine-core/-/jasmine-core-2.5.2.tgz",
      "integrity": "sha1-b2G9eQYeJ/Q+b5NV5Es8bKtv8pc=",
      "dev": true
    },
    "jasmine-spec-reporter": {
      "version": "3.2.0",
      "resolved": "https://registry.npmjs.org/jasmine-spec-reporter/-/jasmine-spec-reporter-3.2.0.tgz",
      "integrity": "sha1-/b6FqAzN07J2dGvHf96Dwc53Pv8=",
      "dev": true
    },
    "karma": {
      "version": "1.4.1",
      "resolved": "https://registry.npmjs.org/karma/-/karma-1.4.1.tgz",
      "integrity": "sha1-QZgacdVCN2BrCj6oxYyQdz9BZQ4=",
      "dev": true,
      "dependencies": {
        "lodash": {
          "version": "3.10.1",
          "resolved": "https://registry.npmjs.org/lodash/-/lodash-3.10.1.tgz",
          "integrity": "sha1-W/Rejkm6QYnhfUgnid/RW9FAt7Y="
        },
        "optimist": {
          "version": "0.6.1",
          "resolved": "https://registry.npmjs.org/optimist/-/optimist-0.6.1.tgz",
          "integrity": "sha1-2j6nRob6IaGaERwybpDrFaAZZoY="
        },
        "tmp": {
          "version": "0.0.28",
          "resolved": "https://registry.npmjs.org/tmp/-/tmp-0.0.28.tgz",
          "integrity": "sha1-Fyc1t/YU6nrzlmT6hM8N5OUV0SA="
        }
      }
    },
    "karma-chrome-launcher": {
      "version": "2.0.0",
      "resolved": "https://registry.npmjs.org/karma-chrome-launcher/-/karma-chrome-launcher-2.0.0.tgz",
      "integrity": "sha1-wnkMWjKxVXfQ//Wk1aJwOztDnCU=",
      "dev": true
    },
    "karma-cli": {
      "version": "1.0.1",
      "resolved": "https://registry.npmjs.org/karma-cli/-/karma-cli-1.0.1.tgz",
      "integrity": "sha1-rmw8WKMTodALRRZMRVubhs4X+WA=",
      "dev": true
    },
    "karma-coverage-istanbul-reporter": {
      "version": "0.2.3",
      "resolved": "https://registry.npmjs.org/karma-coverage-istanbul-reporter/-/karma-coverage-istanbul-reporter-0.2.3.tgz",
      "integrity": "sha1-EfG+nPqTdVp3usOasW4xWnEAtcU=",
      "dev": true
    },
    "karma-jasmine": {
      "version": "1.1.0",
      "resolved": "https://registry.npmjs.org/karma-jasmine/-/karma-jasmine-1.1.0.tgz",
      "integrity": "sha1-IuTAa/mhguUpTR9wXjczgRuBCs8=",
      "dev": true
    },
    "karma-jasmine-html-reporter": {
      "version": "0.2.2",
      "resolved": "https://registry.npmjs.org/karma-jasmine-html-reporter/-/karma-jasmine-html-reporter-0.2.2.tgz",
      "integrity": "sha1-SKjl7xiAdhfuK14zwRlMNbQ5Ukw=",
      "dev": true
    },
    "protractor": {
      "version": "5.1.2",
      "resolved": "https://registry.npmjs.org/protractor/-/protractor-5.1.2.tgz",
      "integrity": "sha1-myIXQXCaTGLVzVPGqt1UpxE36V8=",
      "dev": true,
      "dependencies": {
        "optimist": {
          "version": "0.6.1",
          "resolved": "https://registry.npmjs.org/optimist/-/optimist-0.6.1.tgz",
          "integrity": "sha1-2j6nRob6IaGaERwybpDrFaAZZoY="
        },
        "q": {
          "version": "1.4.1",
          "resolved": "https://registry.npmjs.org/q/-/q-1.4.1.tgz",
          "integrity": "sha1-VXBbzZPF82c1MMLCy8DCs63cKG4="
        },
        "webdriver-manager": {
          "version": "12.0.6",
          "resolved": "https://registry.npmjs.org/webdriver-manager/-/webdriver-manager-12.0.6.tgz",
          "integrity": "sha1-PfGkgZdwELTL+MnYXHpXeCjA5ws=",
          "dependencies": {
            "minimist": {
              "version": "1.2.0",
              "resolved": "https://registry.npmjs.org/minimist/-/minimist-1.2.0.tgz",
              "integrity": "sha1-o1AIsg9BOD7sH7kU9M1d95omQoQ="
            }
          }
        }
      }
    },
    "rxjs": {
      "version": "5.4.0",
      "resolved": "https://registry.npmjs.org/rxjs/-/rxjs-5.4.0.tgz",
      "integrity": "sha1-p9sUqxV/nXqsalbmVeejhg05vyY="
    },
    "ts-node": {
      "version": "2.0.0",
      "resolved": "https://registry.npmjs.org/ts-node/-/ts-node-2.0.0.tgz",
      "integrity": "sha1-FuT+zJSQiCOLTL8cOclYJSa2b3Q=",
      "dev": true,
      "dependencies": {
        "minimist": {
          "version": "1.2.0",
          "resolved": "https://registry.npmjs.org/minimist/-/minimist-1.2.0.tgz",
          "integrity": "sha1-o1AIsg9BOD7sH7kU9M1d95omQoQ="
        }
      }
    },
    "tslib": {
      "version": "2.6.2",
      "resolved": "https://registry.npmjs.org/tslib/-/tslib-2.6.2.tgz",
      "integrity": "sha512-AEYxH93jGFPn/a2iVAwW87VuUIkR1FVUKB77NwMF7nBTDkDrrT/Hpt/IrCJ0QXhW27jTBDcf5ZY7w6RiqTMw2Q=="
    },
    "tslint": {
      "version": "4.5.1",
      "resolved": "https://registry.npmjs.org/tslint/-/tslint-4.5.1.tgz",
      "integrity": "sha1-BTVocb7yOkNJBnNABvwYgza6gks=",
      "dev": true,
      "dependencies": {
        "optimist": {
          "version": "0.6.1",
          "resolved": "https://registry.npmjs.org/optimist/-/optimist-0.6.1.tgz",
          "integrity": "sha1-2j6nRob6IaGaERwybpDrFaAZZoY="
        }
      }
    },
    "typescript": {
      "version": "2.2.2",
      "resolved": "https://registry.npmjs.org/typescript/-/typescript-2.2.2.tgz",
      "integrity": "sha1-YGAiUIR5tV/6NotY/uljoD39eww=",
      "dev": true
    },
    "zone.js": {
      "version": "0.8.11",
      "resolved": "https://registry.npmjs.org/zone.js/-/zone.js-0.8.11.tgz",
      "integrity": "sha1-dCvvsX+8SaVxcSuMfYfljKJv2IY="
    }
  }
}
